
Microsoft Visual Studio Solution File, Format Version 12.00
# Visual Studio Version 16
VisualStudioVersion = 16.0.30204.135
MinimumVisualStudioVersion = 10.0.40219.1
Project("{FAE04EC0-301F-11D3-BF4B-00C04F79EFBC}") = "CoinBlocksDoors 2.0", "CoinBlocksDoors 2.0.csproj", "{DD2B6973-458C-42E3-A493-6E0EAFC91D62}"
EndProject
Global
	GlobalSection(SolutionConfigurationPlatforms) = preSolution
		Debug|Any CPU = Debug|Any CPU
		Release|Any CPU = Release|Any CPU
	EndGlobalSection
	GlobalSection(ProjectConfigurationPlatforms) = postSolution
		{DD2B6973-458C-42E3-A493-6E0EAFC91D62}.Debug|Any CPU.ActiveCfg = Debug|Any CPU
		{DD2B6973-458C-42E3-A493-6E0EAFC91D62}.Debug|Any CPU.Build.0 = Debug|Any CPU
		{DD2B6973-458C-42E3-A493-6E0EAFC91D62}.Release|Any CPU.ActiveCfg = Release|Any CPU
		{DD2B6973-458C-42E3-A493-6E0EAFC91D62}.Release|Any CPU.Build.0 = Release|Any CPU
	EndGlobalSection
	GlobalSection(SolutionProperties) = preSolution
		HideSolutionNode = FALSE
	EndGlobalSection
	GlobalSection(ExtensibilityGlobals) = postSolution
		SolutionGuid = {4A9037F2-8BAC-458D-9AA3-654EF35FC215}
	EndGlobalSection
EndGlobal
